# Code generated by scarb DO NOT EDIT.
version = 1

[[package]]
name = "alexandria_data_structures"
version = "0.2.0"
source = "git+https://github.com/keep-starknet-strange/alexandria.git?rev=e7b6957#e7b69575f92076e96a83a76efa6bed3c32a15f9f"
dependencies = [
 "alexandria_encoding",
]

[[package]]
name = "alexandria_encoding"
version = "0.1.0"
source = "git+https://github.com/keep-starknet-strange/alexandria.git?rev=e7b6957#e7b69575f92076e96a83a76efa6bed3c32a15f9f"
dependencies = [
 "alexandria_math",
 "alexandria_numeric",
]

[[package]]
name = "alexandria_math"
version = "0.2.0"
source = "git+https://github.com/keep-starknet-strange/alexandria.git?rev=e7b6957#e7b69575f92076e96a83a76efa6bed3c32a15f9f"
dependencies = [
 "alexandria_data_structures",
]

[[package]]
name = "alexandria_numeric"
version = "0.1.0"
source = "git+https://github.com/keep-starknet-strange/alexandria.git?rev=e7b6957#e7b69575f92076e96a83a76efa6bed3c32a15f9f"
dependencies = [
 "alexandria_math",
]

[[package]]
name = "snforge_scarb_plugin"
version = "0.33.0"
source = "git+https://github.com/foundry-rs/starknet-foundry?tag=v0.33.0#221b1dbff42d650e9855afd4283508da8f8cacba"

[[package]]
name = "snforge_std"
version = "0.33.0"
source = "git+https://github.com/foundry-rs/starknet-foundry?tag=v0.33.0#221b1dbff42d650e9855afd4283508da8f8cacba"
dependencies = [
 "snforge_scarb_plugin",
]

[[package]]
name = "vesu"
version = "0.1.0"
dependencies = [
 "alexandria_math",
 "snforge_std",
]
